
Microsoft Visual Studio Solution File, Format Version 12.00
# Visual Studio 2012
Project("{FAE04EC0-301F-11D3-BF4B-00C04F79EFBC}") = "Catalogize", "Catalogize\Catalogize.csproj", "{920E2399-5DFE-4A37-BD2F-61F8D69B5931}"
EndProject
Global
	GlobalSection(SolutionConfigurationPlatforms) = preSolution
		Debug|Any CPU = Debug|Any CPU
		Release|Any CPU = Release|Any CPU
	EndGlobalSection
	GlobalSection(ProjectConfigurationPlatforms) = postSolution
		{920E2399-5DFE-4A37-BD2F-61F8D69B5931}.Debug|Any CPU.ActiveCfg = Debug|Any CPU
		{920E2399-5DFE-4A37-BD2F-61F8D69B5931}.Debug|Any CPU.Build.0 = Debug|Any CPU
		{920E2399-5DFE-4A37-BD2F-61F8D69B5931}.Release|Any CPU.ActiveCfg = Release|Any CPU
		{920E2399-5DFE-4A37-BD2F-61F8D69B5931}.Release|Any CPU.Build.0 = Release|Any CPU
	EndGlobalSection
	GlobalSection(SolutionProperties) = preSolution
		HideSolutionNode = FALSE
	EndGlobalSection
EndGlobal
